
Microsoft Visual Studio Solution File, Format Version 12.00
# Visual Studio Version 17
VisualStudioVersion = 17.14.37111.16 d17.14
MinimumVisualStudioVersion = 10.0.40219.1
Project("{FAE04EC0-301F-11D3-BF4B-00C04F79EFBC}") = "Lista3_12", "Lista3_12.csproj", "{59D0D34D-0EFF-4CEF-B5C3-68F509A0E78E}"
EndProject
Global
	GlobalSection(SolutionConfigurationPlatforms) = preSolution
		Debug|Any CPU = Debug|Any CPU
		Release|Any CPU = Release|Any CPU
	EndGlobalSection
	GlobalSection(ProjectConfigurationPlatforms) = postSolution
		{59D0D34D-0EFF-4CEF-B5C3-68F509A0E78E}.Debug|Any CPU.ActiveCfg = Debug|Any CPU
		{59D0D34D-0EFF-4CEF-B5C3-68F509A0E78E}.Debug|Any CPU.Build.0 = Debug|Any CPU
		{59D0D34D-0EFF-4CEF-B5C3-68F509A0E78E}.Release|Any CPU.ActiveCfg = Release|Any CPU
		{59D0D34D-0EFF-4CEF-B5C3-68F509A0E78E}.Release|Any CPU.Build.0 = Release|Any CPU
	EndGlobalSection
	GlobalSection(SolutionProperties) = preSolution
		HideSolutionNode = FALSE
	EndGlobalSection
	GlobalSection(ExtensibilityGlobals) = postSolution
		SolutionGuid = {FE705463-3563-4190-8CEF-0CB7C0C234C9}
	EndGlobalSection
EndGlobal
